# Test-only PyAV comparison. No production dependency; official PyPI wheel hashes.
# 18.1.0 supports the edge Python 3.11 floor; 19.0.0 requires Python >=3.12.
av==18.1.0 --hash=sha256:b30a4e8d934558e19602b68998a4d9ac9f250fa0dacef216f7e8e40153b13316 --hash=sha256:8a032e8d8ebc73dec079364b9b4a6837638a2d106e8472314e685ffbf163e700
