# Synthetic optional-Cython comparison: Linux x86_64 / CPython3.13 only.
# Hashes verified against upstream PyPI metadata 2026-10-10.
Cython==3.3.0 --hash=sha256:23942b0662642927a55676e4b26e6840fb166dd7d76436384685227e7e8619a4
meson==1.12.1 --hash=sha256:930bc7542cbd9f57009e182fd014eba48cf1a0180a7b9006d2d32d8f168d8b02
meson-python==0.22.1 --hash=sha256:258fde948cf45aab5df23fcc9e17a9050ee73d4e1002fe6cf86519f61c414778
ninja==1.13.2 --hash=sha256:65a24341b5ac09fcadcc37082660be40a94174e51a937fabf6e2cae26225fa2c
packaging==26.3 --hash=sha256:d7193f7c8e4e93f444fde0262bf90af30e16fa0ad0ad44cb553c87339b23cd1c
pathspec==1.1.1 --hash=sha256:a00ce642f577bf7f473932318056212bc4f8bfdf53128c78bbd5af0b9b20b189
pyproject-metadata==0.12.1 --hash=sha256:f7162d580a96386a8eb096da06215f981f547d1490f03055ef99e323bc2da427
scikit-build-core==1.1.1 --hash=sha256:6f6d6cf600e2e9639fd258ecd11cfc19bd189354b968916a519c6793e7e26237
setuptools==84.0.0 --hash=sha256:51a52592b3b99e102b609654876bd65f19f999935166d1352678931132b0c670
wheel==0.48.0 --hash=sha256:3217dcc807155e45db462d7ef2431f5ddda0d7273b700d05a67b271ceb1287ab
